
Microsoft Visual Studio Solution File, Format Version 12.00
# Visual Studio Version 17
VisualStudioVersion = 17.4.33213.308
MinimumVisualStudioVersion = 10.0.40219.1
Project("{FAE04EC0-301F-11D3-BF4B-00C04F79EFBC}") = "Asynchronous", "Asynchronous\Asynchronous.csproj", "{ABD16FAD-EA7A-4466-A20C-B42E939BB715}"
EndProject
Global
	GlobalSection(SolutionConfigurationPlatforms) = preSolution
		Debug|Any CPU = Debug|Any CPU
		Release|Any CPU = Release|Any CPU
	EndGlobalSection
	GlobalSection(ProjectConfigurationPlatforms) = postSolution
		{ABD16FAD-EA7A-4466-A20C-B42E939BB715}.Debug|Any CPU.ActiveCfg = Debug|Any CPU
		{ABD16FAD-EA7A-4466-A20C-B42E939BB715}.Debug|Any CPU.Build.0 = Debug|Any CPU
		{ABD16FAD-EA7A-4466-A20C-B42E939BB715}.Release|Any CPU.ActiveCfg = Release|Any CPU
		{ABD16FAD-EA7A-4466-A20C-B42E939BB715}.Release|Any CPU.Build.0 = Release|Any CPU
	EndGlobalSection
	GlobalSection(SolutionProperties) = preSolution
		HideSolutionNode = FALSE
	EndGlobalSection
	GlobalSection(ExtensibilityGlobals) = postSolution
		SolutionGuid = {2C17DBA8-2873-40F8-9E06-6EF0D7DE0E93}
	EndGlobalSection
EndGlobal
